
Microsoft Visual Studio Solution File, Format Version 12.00
# Visual Studio Version 17
VisualStudioVersion = 17.1.32120.378
MinimumVisualStudioVersion = 10.0.40219.1
Project("{9A19103F-16F7-4668-BE54-9A1E7A4F7556}") = "App.Server", "src\Server\App.Server.csproj", "{72DC9250-0026-4C43-8B75-8B9EB6175488}"
EndProject
Project("{9A19103F-16F7-4668-BE54-9A1E7A4F7556}") = "App.Client", "src\Client\App.Client.csproj", "{621376C9-9B2E-4553-9727-00B1DF2158DC}"
EndProject
Project("{9A19103F-16F7-4668-BE54-9A1E7A4F7556}") = "Api.Contract", "src\Contract\Api.Contract.csproj", "{5F3AEADB-0F01-4A59-9986-819D143EC35A}"
EndProject
Project("{9A19103F-16F7-4668-BE54-9A1E7A4F7556}") = "Clock", "src\Clock\Clock.csproj", "{E9C7E2B2-B430-4FE9-9C41-5239A44A947B}"
EndProject
Project("{9A19103F-16F7-4668-BE54-9A1E7A4F7556}") = "Clock.Tests", "src\Clock.Tests\Clock.Tests.csproj", "{5BC6FD1B-B85E-48F6-869C-140ADA8BC5D7}"
EndProject
Project("{2150E333-8FDC-42A3-9474-1A3956D46DE8}") = "Solution Items", "Solution Items", "{36634FA9-07E2-48B9-B2F8-A11634B4078E}"
	ProjectSection(SolutionItems) = preProject
		.editorconfig = .editorconfig
		CONTRIBUTING.md = CONTRIBUTING.md
		DeleteObjAndBin.ps1 = DeleteObjAndBin.ps1
		Directory.Build.props = Directory.Build.props
		LICENSE = LICENSE
		README.md = README.md
		RELEASENOTES.md = RELEASENOTES.md
	EndProjectSection
EndProject
Global
	GlobalSection(SolutionConfigurationPlatforms) = preSolution
		Debug|Any CPU = Debug|Any CPU
		Release|Any CPU = Release|Any CPU
	EndGlobalSection
	GlobalSection(ProjectConfigurationPlatforms) = postSolution
		{72DC9250-0026-4C43-8B75-8B9EB6175488}.Debug|Any CPU.ActiveCfg = Debug|Any CPU
		{72DC9250-0026-4C43-8B75-8B9EB6175488}.Debug|Any CPU.Build.0 = Debug|Any CPU
		{72DC9250-0026-4C43-8B75-8B9EB6175488}.Release|Any CPU.ActiveCfg = Release|Any CPU
		{72DC9250-0026-4C43-8B75-8B9EB6175488}.Release|Any CPU.Build.0 = Release|Any CPU
		{621376C9-9B2E-4553-9727-00B1DF2158DC}.Debug|Any CPU.ActiveCfg = Debug|Any CPU
		{621376C9-9B2E-4553-9727-00B1DF2158DC}.Debug|Any CPU.Build.0 = Debug|Any CPU
		{621376C9-9B2E-4553-9727-00B1DF2158DC}.Release|Any CPU.ActiveCfg = Release|Any CPU
		{621376C9-9B2E-4553-9727-00B1DF2158DC}.Release|Any CPU.Build.0 = Release|Any CPU
		{5F3AEADB-0F01-4A59-9986-819D143EC35A}.Debug|Any CPU.ActiveCfg = Debug|Any CPU
		{5F3AEADB-0F01-4A59-9986-819D143EC35A}.Debug|Any CPU.Build.0 = Debug|Any CPU
		{5F3AEADB-0F01-4A59-9986-819D143EC35A}.Release|Any CPU.ActiveCfg = Release|Any CPU
		{5F3AEADB-0F01-4A59-9986-819D143EC35A}.Release|Any CPU.Build.0 = Release|Any CPU
		{E9C7E2B2-B430-4FE9-9C41-5239A44A947B}.Debug|Any CPU.ActiveCfg = Debug|Any CPU
		{E9C7E2B2-B430-4FE9-9C41-5239A44A947B}.Debug|Any CPU.Build.0 = Debug|Any CPU
		{E9C7E2B2-B430-4FE9-9C41-5239A44A947B}.Release|Any CPU.ActiveCfg = Release|Any CPU
		{E9C7E2B2-B430-4FE9-9C41-5239A44A947B}.Release|Any CPU.Build.0 = Release|Any CPU
		{5BC6FD1B-B85E-48F6-869C-140ADA8BC5D7}.Debug|Any CPU.ActiveCfg = Debug|Any CPU
		{5BC6FD1B-B85E-48F6-869C-140ADA8BC5D7}.Debug|Any CPU.Build.0 = Debug|Any CPU
		{5BC6FD1B-B85E-48F6-869C-140ADA8BC5D7}.Release|Any CPU.ActiveCfg = Release|Any CPU
		{5BC6FD1B-B85E-48F6-869C-140ADA8BC5D7}.Release|Any CPU.Build.0 = Release|Any CPU
	EndGlobalSection
	GlobalSection(SolutionProperties) = preSolution
		HideSolutionNode = FALSE
	EndGlobalSection
	GlobalSection(ExtensibilityGlobals) = postSolution
		SolutionGuid = {75A36A55-B4A1-4E83-BF8E-B01BE1365BEC}
	EndGlobalSection
EndGlobal
