
Microsoft Visual Studio Solution File, Format Version 12.00
# Visual Studio Version 16
VisualStudioVersion = 16.0.30114.105
MinimumVisualStudioVersion = 10.0.40219.1
Project("{9A19103F-16F7-4668-BE54-9A1E7A4F7556}") = "App.Server", "App\Server\App.Server.csproj", "{C17000EF-039A-46E9-AB46-1A0DD938503E}"
EndProject
Project("{9A19103F-16F7-4668-BE54-9A1E7A4F7556}") = "App.Client", "App\Client\App.Client.csproj", "{11D1AF88-4B6A-4981-9378-F4F26DC9DEBB}"
EndProject
Project("{9A19103F-16F7-4668-BE54-9A1E7A4F7556}") = "App.Shared", "App\Shared\App.Shared.csproj", "{7D92BEC8-BD96-469D-835B-5351FCBD0736}"
EndProject
Project("{9A19103F-16F7-4668-BE54-9A1E7A4F7556}") = "Clock.Server", "Clock.Server\Clock.Server.csproj", "{E52569E0-2795-419E-B567-4484B7B0617F}"
EndProject
Project("{9A19103F-16F7-4668-BE54-9A1E7A4F7556}") = "Clock.Server.Tests", "Clock.Server.Tests\Clock.Server.Tests.csproj", "{25BB157C-DFEA-4EE4-B8F6-6DEF34A7F4AD}"
EndProject
Project("{2150E333-8FDC-42A3-9474-1A3956D46DE8}") = "Solution Items", "Solution Items", "{06ED73EB-428D-4763-8ABF-04848A87C494}"
	ProjectSection(SolutionItems) = preProject
		API.md = API.md
		FAQ.md = FAQ.md
		INSTALLATION.md = INSTALLATION.md
		MANUAL.md = MANUAL.md
		README.md = README.md
		RELEASENOTES.md = RELEASENOTES.md
	EndProjectSection
EndProject
Global
	GlobalSection(SolutionConfigurationPlatforms) = preSolution
		Debug|Any CPU = Debug|Any CPU
		Release|Any CPU = Release|Any CPU
	EndGlobalSection
	GlobalSection(ProjectConfigurationPlatforms) = postSolution
		{C17000EF-039A-46E9-AB46-1A0DD938503E}.Debug|Any CPU.ActiveCfg = Debug|Any CPU
		{C17000EF-039A-46E9-AB46-1A0DD938503E}.Debug|Any CPU.Build.0 = Debug|Any CPU
		{C17000EF-039A-46E9-AB46-1A0DD938503E}.Release|Any CPU.ActiveCfg = Release|Any CPU
		{C17000EF-039A-46E9-AB46-1A0DD938503E}.Release|Any CPU.Build.0 = Release|Any CPU
		{11D1AF88-4B6A-4981-9378-F4F26DC9DEBB}.Debug|Any CPU.ActiveCfg = Debug|Any CPU
		{11D1AF88-4B6A-4981-9378-F4F26DC9DEBB}.Debug|Any CPU.Build.0 = Debug|Any CPU
		{11D1AF88-4B6A-4981-9378-F4F26DC9DEBB}.Release|Any CPU.ActiveCfg = Release|Any CPU
		{11D1AF88-4B6A-4981-9378-F4F26DC9DEBB}.Release|Any CPU.Build.0 = Release|Any CPU
		{7D92BEC8-BD96-469D-835B-5351FCBD0736}.Debug|Any CPU.ActiveCfg = Debug|Any CPU
		{7D92BEC8-BD96-469D-835B-5351FCBD0736}.Debug|Any CPU.Build.0 = Debug|Any CPU
		{7D92BEC8-BD96-469D-835B-5351FCBD0736}.Release|Any CPU.ActiveCfg = Release|Any CPU
		{7D92BEC8-BD96-469D-835B-5351FCBD0736}.Release|Any CPU.Build.0 = Release|Any CPU
		{E52569E0-2795-419E-B567-4484B7B0617F}.Debug|Any CPU.ActiveCfg = Debug|Any CPU
		{E52569E0-2795-419E-B567-4484B7B0617F}.Debug|Any CPU.Build.0 = Debug|Any CPU
		{E52569E0-2795-419E-B567-4484B7B0617F}.Release|Any CPU.ActiveCfg = Release|Any CPU
		{E52569E0-2795-419E-B567-4484B7B0617F}.Release|Any CPU.Build.0 = Release|Any CPU
		{25BB157C-DFEA-4EE4-B8F6-6DEF34A7F4AD}.Debug|Any CPU.ActiveCfg = Debug|Any CPU
		{25BB157C-DFEA-4EE4-B8F6-6DEF34A7F4AD}.Debug|Any CPU.Build.0 = Debug|Any CPU
		{25BB157C-DFEA-4EE4-B8F6-6DEF34A7F4AD}.Release|Any CPU.ActiveCfg = Release|Any CPU
		{25BB157C-DFEA-4EE4-B8F6-6DEF34A7F4AD}.Release|Any CPU.Build.0 = Release|Any CPU
	EndGlobalSection
	GlobalSection(SolutionProperties) = preSolution
		HideSolutionNode = FALSE
	EndGlobalSection
	GlobalSection(ExtensibilityGlobals) = postSolution
		RESX_NeutralResourcesLanguage = en-GB
		SolutionGuid = {933AAD80-A15A-4173-AD43-EB8B6B4BE7A7}
	EndGlobalSection
EndGlobal
